// !$*UTF8*$!
{
	archiveVersion = 1;
	classes = {
	};
	objectVersion = 46;
	objects = {

/* Begin PBXBuildFile section */
		E808E3541ECCC5DC004482F1 /* AppDelegate.swift in Sources */ = {isa = PBXBuildFile; fileRef = E808E3531ECCC5DC004482F1 /* AppDelegate.swift */; };
		E808E3591ECCC5DC004482F1 /* Main.storyboard in Resources */ = {isa = PBXBuildFile; fileRef = E808E3571ECCC5DC004482F1 /* Main.storyboard */; };
		E808E35B1ECCC5DC004482F1 /* Assets.xcassets in Resources */ = {isa = PBXBuildFile; fileRef = E808E35A1ECCC5DC004482F1 /* Assets.xcassets */; };
		E808E35E1ECCC5DC004482F1 /* LaunchScreen.storyboard in Resources */ = {isa = PBXBuildFile; fileRef = E808E35C1ECCC5DC004482F1 /* LaunchScreen.storyboard */; };
		E808E3661ECCC6B3004482F1 /* CollectionViewController.swift in Sources */ = {isa = PBXBuildFile; fileRef = E808E3651ECCC6B3004482F1 /* CollectionViewController.swift */; };
		E808E36C1ECCC7AE004482F1 /* image1.jpg in Resources */ = {isa = PBXBuildFile; fileRef = E808E3681ECCC7AE004482F1 /* image1.jpg */; };
		E808E36D1ECCC7AE004482F1 /* image2.jpg in Resources */ = {isa = PBXBuildFile; fileRef = E808E3691ECCC7AE004482F1 /* image2.jpg */; };
		E808E36E1ECCC7AE004482F1 /* image3.jpg in Resources */ = {isa = PBXBuildFile; fileRef = E808E36A1ECCC7AE004482F1 /* image3.jpg */; };
		E808E36F1ECCC7AE004482F1 /* image4.jpg in Resources */ = {isa = PBXBuildFile; fileRef = E808E36B1ECCC7AE004482F1 /* image4.jpg */; };
		E808E3721ECCC807004482F1 /* CellCollectionViewCell.swift in Sources */ = {isa = PBXBuildFile; fileRef = E808E3711ECCC807004482F1 /* CellCollectionViewCell.swift */; };
/* End PBXBuildFile section */

/* Begin PBXFileReference section */
		E808E3501ECCC5DC004482F1 /* CollectionViewClass.app */ = {isa = PBXFileReference; explicitFileType = wrapper.application; includeInIndex = 0; path = CollectionViewClass.app; sourceTree = BUILT_PRODUCTS_DIR; };
		E808E3531ECCC5DC004482F1 /* AppDelegate.swift */ = {isa = PBXFileReference; lastKnownFileType = sourcecode.swift; path = AppDelegate.swift; sourceTree = "<group>"; };
		E808E3581ECCC5DC004482F1 /* Base */ = {isa = PBXFileReference; lastKnownFileType = file.storyboard; name = Base; path = Base.lproj/Main.storyboard; sourceTree = "<group>"; };
		E808E35A1ECCC5DC004482F1 /* Assets.xcassets */ = {isa = PBXFileReference; lastKnownFileType = folder.assetcatalog; path = Assets.xcassets; sourceTree = "<group>"; };
		E808E35D1ECCC5DC004482F1 /* Base */ = {isa = PBXFileReference; lastKnownFileType = file.storyboard; name = Base; path = Base.lproj/LaunchScreen.storyboard; sourceTree = "<group>"; };
		E808E35F1ECCC5DC004482F1 /* Info.plist */ = {isa = PBXFileReference; lastKnownFileType = text.plist.xml; path = Info.plist; sourceTree = "<group>"; };
		E808E3651ECCC6B3004482F1 /* CollectionViewController.swift */ = {isa = PBXFileReference; fileEncoding = 4; lastKnownFileType = sourcecode.swift; path = CollectionViewController.swift; sourceTree = "<group>"; };
		E808E3681ECCC7AE004482F1 /* image1.jpg */ = {isa = PBXFileReference; lastKnownFileType = image.jpeg; path = image1.jpg; sourceTree = "<group>"; };
		E808E3691ECCC7AE004482F1 /* image2.jpg */ = {isa = PBXFileReference; lastKnownFileType = image.jpeg; path = image2.jpg; sourceTree = "<group>"; };
		E808E36A1ECCC7AE004482F1 /* image3.jpg */ = {isa = PBXFileReference; lastKnownFileType = image.jpeg; path = image3.jpg; sourceTree = "<group>"; };
		E808E36B1ECCC7AE004482F1 /* image4.jpg */ = {isa = PBXFileReference; lastKnownFileType = image.jpeg; path = image4.jpg; sourceTree = "<group>"; };
		E808E3711ECCC807004482F1 /* CellCollectionViewCell.swift */ = {isa = PBXFileReference; fileEncoding = 4; lastKnownFileType = sourcecode.swift; path = CellCollectionViewCell.swift; sourceTree = "<group>"; };
/* End PBXFileReference section */

/* Begin PBXFrameworksBuildPhase section */
		E808E34D1ECCC5DC004482F1 /* Frameworks */ = {
			isa = PBXFrameworksBuildPhase;
			buildActionMask = 2147483647;
			files = (
			);
			runOnlyForDeploymentPostprocessing = 0;
		};
/* End PBXFrameworksBuildPhase section */

/* Begin PBXGroup section */
		E808E3471ECCC5DC004482F1 = {
			isa = PBXGroup;
			children = (
				E808E3521ECCC5DC004482F1 /* CollectionViewClass */,
				E808E3511ECCC5DC004482F1 /* Products */,
			);
			sourceTree = "<group>";
		};
		E808E3511ECCC5DC004482F1 /* Products */ = {
			isa = PBXGroup;
			children = (
				E808E3501ECCC5DC004482F1 /* CollectionViewClass.app */,
			);
			name = Products;
			sourceTree = "<group>";
		};
		E808E3521ECCC5DC004482F1 /* CollectionViewClass */ = {
			isa = PBXGroup;
			children = (
				E808E3701ECCC7C7004482F1 /* Storyboard */,
				E808E3741ECCC81B004482F1 /* CollectionView */,
				E808E3731ECCC810004482F1 /* CollectionViewCell */,
				E808E3671ECCC76D004482F1 /* Images */,
				E808E3751ECCC830004482F1 /* Support Files */,
			);
			path = CollectionViewClass;
			sourceTree = "<group>";
		};
		E808E3671ECCC76D004482F1 /* Images */ = {
			isa = PBXGroup;
			children = (
				E808E3681ECCC7AE004482F1 /* image1.jpg */,
				E808E3691ECCC7AE004482F1 /* image2.jpg */,
				E808E36A1ECCC7AE004482F1 /* image3.jpg */,
				E808E36B1ECCC7AE004482F1 /* image4.jpg */,
			);
			name = Images;
			sourceTree = "<group>";
		};
		E808E3701ECCC7C7004482F1 /* Storyboard */ = {
			isa = PBXGroup;
			children = (
				E808E3571ECCC5DC004482F1 /* Main.storyboard */,
				E808E35C1ECCC5DC004482F1 /* LaunchScreen.storyboard */,
			);
			name = Storyboard;
			sourceTree = "<group>";
		};
		E808E3731ECCC810004482F1 /* CollectionViewCell */ = {
			isa = PBXGroup;
			children = (
				E808E3711ECCC807004482F1 /* CellCollectionViewCell.swift */,
			);
			name = CollectionViewCell;
			sourceTree = "<group>";
		};
		E808E3741ECCC81B004482F1 /* CollectionView */ = {
			isa = PBXGroup;
			children = (
				E808E3651ECCC6B3004482F1 /* CollectionViewController.swift */,
			);
			name = CollectionView;
			sourceTree = "<group>";
		};
		E808E3751ECCC830004482F1 /* Support Files */ = {
			isa = PBXGroup;
			children = (
				E808E3531ECCC5DC004482F1 /* AppDelegate.swift */,
				E808E35A1ECCC5DC004482F1 /* Assets.xcassets */,
				E808E35F1ECCC5DC004482F1 /* Info.plist */,
			);
			name = "Support Files";
			sourceTree = "<group>";
		};
/* End PBXGroup section */

/* Begin PBXNativeTarget section */
		E808E34F1ECCC5DC004482F1 /* CollectionViewClass */ = {
			isa = PBXNativeTarget;
			buildConfigurationList = E808E3621ECCC5DC004482F1 /* Build configuration list for PBXNativeTarget "CollectionViewClass" */;
			buildPhases = (
				E808E34C1ECCC5DC004482F1 /* Sources */,
				E808E34D1ECCC5DC004482F1 /* Frameworks */,
				E808E34E1ECCC5DC004482F1 /* Resources */,
			);
			buildRules = (
			);
			dependencies = (
			);
			name = CollectionViewClass;
			productName = CollectionViewClass;
			productReference = E808E3501ECCC5DC004482F1 /* CollectionViewClass.app */;
			productType = "com.apple.product-type.application";
		};
/* End PBXNativeTarget section */

/* Begin PBXProject section */
		E808E3481ECCC5DC004482F1 /* Project object */ = {
			isa = PBXProject;
			attributes = {
				LastSwiftUpdateCheck = 0830;
				LastUpgradeCheck = 0830;
				ORGANIZATIONNAME = Vital;
				TargetAttributes = {
					E808E34F1ECCC5DC004482F1 = {
						CreatedOnToolsVersion = 8.3.2;
						DevelopmentTeam = 248SB9J68G;
						ProvisioningStyle = Automatic;
					};
				};
			};
			buildConfigurationList = E808E34B1ECCC5DC004482F1 /* Build configuration list for PBXProject "CollectionViewClass" */;
			compatibilityVersion = "Xcode 3.2";
			developmentRegion = English;
			hasScannedForEncodings = 0;
			knownRegions = (
				en,
				Base,
			);
			mainGroup = E808E3471ECCC5DC004482F1;
			productRefGroup = E808E3511ECCC5DC004482F1 /* Products */;
			projectDirPath = "";
			projectRoot = "";
			targets = (
				E808E34F1ECCC5DC004482F1 /* CollectionViewClass */,
			);
		};
/* End PBXProject section */

/* Begin PBXResourcesBuildPhase section */
		E808E34E1ECCC5DC004482F1 /* Resources */ = {
			isa = PBXResourcesBuildPhase;
			buildActionMask = 2147483647;
			files = (
				E808E36C1ECCC7AE004482F1 /* image1.jpg in Resources */,
				E808E35E1ECCC5DC004482F1 /* LaunchScreen.storyboard in Resources */,
				E808E36E1ECCC7AE004482F1 /* image3.jpg in Resources */,
				E808E35B1ECCC5DC004482F1 /* Assets.xcassets in Resources */,
				E808E36F1ECCC7AE004482F1 /* image4.jpg in Resources */,
				E808E3591ECCC5DC004482F1 /* Main.storyboard in Resources */,
				E808E36D1ECCC7AE004482F1 /* image2.jpg in Resources */,
			);
			runOnlyForDeploymentPostprocessing = 0;
		};
/* End PBXResourcesBuildPhase section */

/* Begin PBXSourcesBuildPhase section */
		E808E34C1ECCC5DC004482F1 /* Sources */ = {
			isa = PBXSourcesBuildPhase;
			buildActionMask = 2147483647;
			files = (
				E808E3721ECCC807004482F1 /* CellCollectionViewCell.swift in Sources */,
				E808E3661ECCC6B3004482F1 /* CollectionViewController.swift in Sources */,
				E808E3541ECCC5DC004482F1 /* AppDelegate.swift in Sources */,
			);
			runOnlyForDeploymentPostprocessing = 0;
		};
/* End PBXSourcesBuildPhase section */

/* Begin PBXVariantGroup section */
		E808E3571ECCC5DC004482F1 /* Main.storyboard */ = {
			isa = PBXVariantGroup;
			children = (
				E808E3581ECCC5DC004482F1 /* Base */,
			);
			name = Main.storyboard;
			sourceTree = "<group>";
		};
		E808E35C1ECCC5DC004482F1 /* LaunchScreen.storyboard */ = {
			isa = PBXVariantGroup;
			children = (
				E808E35D1ECCC5DC004482F1 /* Base */,
			);
			name = LaunchScreen.storyboard;
			sourceTree = "<group>";
		};
/* End PBXVariantGroup section */

/* Begin XCBuildConfiguration section */
		E808E3601ECCC5DC004482F1 /* Debug */ = {
			isa = XCBuildConfiguration;
			buildSettings = {
				ALWAYS_SEARCH_USER_PATHS = NO;
				CLANG_ANALYZER_NONNULL = YES;
				CLANG_ANALYZER_NUMBER_OBJECT_CONVERSION = YES_AGGRESSIVE;
				CLANG_CXX_LANGUAGE_STANDARD = "gnu++0x";
				CLANG_CXX_LIBRARY = "libc++";
				CLANG_ENABLE_MODULES = YES;
				CLANG_ENABLE_OBJC_ARC = YES;
				CLANG_WARN_BOOL_CONVERSION = YES;
				CLANG_WARN_CONSTANT_CONVERSION = YES;
				CLANG_WARN_DIRECT_OBJC_ISA_USAGE = YES_ERROR;
				CLANG_WARN_DOCUMENTATION_COMMENTS = YES;
				CLANG_WARN_EMPTY_BODY = YES;
				CLANG_WARN_ENUM_CONVERSION = YES;
				CLANG_WARN_INFINITE_RECURSION = YES;
				CLANG_WARN_INT_CONVERSION = YES;
				CLANG_WARN_OBJC_ROOT_CLASS = YES_ERROR;
				CLANG_WARN_SUSPICIOUS_MOVE = YES;
				CLANG_WARN_UNREACHABLE_CODE = YES;
				CLANG_WARN__DUPLICATE_METHOD_MATCH = YES;
				"CODE_SIGN_IDENTITY[sdk=iphoneos*]" = "iPhone Developer";
				COPY_PHASE_STRIP = NO;
				DEBUG_INFORMATION_FORMAT = dwarf;
				ENABLE_STRICT_OBJC_MSGSEND = YES;
				ENABLE_TESTABILITY = YES;
				GCC_C_LANGUAGE_STANDARD = gnu99;
				GCC_DYNAMIC_NO_PIC = NO;
				GCC_NO_COMMON_BLOCKS = YES;
				GCC_OPTIMIZATION_LEVEL = 0;
				GCC_PREPROCESSOR_DEFINITIONS = (
					"DEBUG=1",
					"$(inherited)",
				);
				GCC_WARN_64_TO_32_BIT_CONVERSION = YES;
				GCC_WARN_ABOUT_RETURN_TYPE = YES_ERROR;
				GCC_WARN_UNDECLARED_SELECTOR = YES;
				GCC_WARN_UNINITIALIZED_AUTOS = YES_AGGRESSIVE;
				GCC_WARN_UNUSED_FUNCTION = YES;
				GCC_WARN_UNUSED_VARIABLE = YES;
				IPHONEOS_DEPLOYMENT_TARGET = 10.3;
				MTL_ENABLE_DEBUG_INFO = YES;
				ONLY_ACTIVE_ARCH = YES;
				SDKROOT = iphoneos;
				SWIFT_ACTIVE_COMPILATION_CONDITIONS = DEBUG;
				SWIFT_OPTIMIZATION_LEVEL = "-Onone";
			};
			name = Debug;
		};
		E808E3611ECCC5DC004482F1 /* Release */ = {
			isa = XCBuildConfiguration;
			buildSettings = {
				ALWAYS_SEARCH_USER_PATHS = NO;
				CLANG_ANALYZER_NONNULL = YES;
				CLANG_ANALYZER_NUMBER_OBJECT_CONVERSION = YES_AGGRESSIVE;
				CLANG_CXX_LANGUAGE_STANDARD = "gnu++0x";
				CLANG_CXX_LIBRARY = "libc++";
				CLANG_ENABLE_MODULES = YES;
				CLANG_ENABLE_OBJC_ARC = YES;
				CLANG_WARN_BOOL_CONVERSION = YES;
				CLANG_WARN_CONSTANT_CONVERSION = YES;
				CLANG_WARN_DIRECT_OBJC_ISA_USAGE = YES_ERROR;
				CLANG_WARN_DOCUMENTATION_COMMENTS = YES;
				CLANG_WARN_EMPTY_BODY = YES;
				CLANG_WARN_ENUM_CONVERSION = YES;
				CLANG_WARN_INFINITE_RECURSION = YES;
				CLANG_WARN_INT_CONVERSION = YES;
				CLANG_WARN_OBJC_ROOT_CLASS = YES_ERROR;
				CLANG_WARN_SUSPICIOUS_MOVE = YES;
				CLANG_WARN_UNREACHABLE_CODE = YES;
				CLANG_WARN__DUPLICATE_METHOD_MATCH = YES;
				"CODE_SIGN_IDENTITY[sdk=iphoneos*]" = "iPhone Developer";
				COPY_PHASE_STRIP = NO;
				DEBUG_INFORMATION_FORMAT = "dwarf-with-dsym";
				ENABLE_NS_ASSERTIONS = NO;
				ENABLE_STRICT_OBJC_MSGSEND = YES;
				GCC_C_LANGUAGE_STANDARD = gnu99;
				GCC_NO_COMMON_BLOCKS = YES;
				GCC_WARN_64_TO_32_BIT_CONVERSION = YES;
				GCC_WARN_ABOUT_RETURN_TYPE = YES_ERROR;
				GCC_WARN_UNDECLARED_SELECTOR = YES;
				GCC_WARN_UNINITIALIZED_AUTOS = YES_AGGRESSIVE;
				GCC_WARN_UNUSED_FUNCTION = YES;
				GCC_WARN_UNUSED_VARIABLE = YES;
				IPHONEOS_DEPLOYMENT_TARGET = 10.3;
				MTL_ENABLE_DEBUG_INFO = NO;
				SDKROOT = iphoneos;
				SWIFT_OPTIMIZATION_LEVEL = "-Owholemodule";
				VALIDATE_PRODUCT = YES;
			};
			name = Release;
		};
		E808E3631ECCC5DC004482F1 /* Debug */ = {
			isa = XCBuildConfiguration;
			buildSettings = {
				ASSETCATALOG_COMPILER_APPICON_NAME = AppIcon;
				DEVELOPMENT_TEAM = 248SB9J68G;
				INFOPLIST_FILE = CollectionViewClass/Info.plist;
				LD_RUNPATH_SEARCH_PATHS = "$(inherited) @executable_path/Frameworks";
				PRODUCT_BUNDLE_IDENTIFIER = br.com.eduvital.CollectionViewClass;
				PRODUCT_NAME = "$(TARGET_NAME)";
				SWIFT_VERSION = 3.0;
			};
			name = Debug;
		};
		E808E3641ECCC5DC004482F1 /* Release */ = {
			isa = XCBuildConfiguration;
			buildSettings = {
				ASSETCATALOG_COMPILER_APPICON_NAME = AppIcon;
				DEVELOPMENT_TEAM = 248SB9J68G;
				INFOPLIST_FILE = CollectionViewClass/Info.plist;
				LD_RUNPATH_SEARCH_PATHS = "$(inherited) @executable_path/Frameworks";
				PRODUCT_BUNDLE_IDENTIFIER = br.com.eduvital.CollectionViewClass;
				PRODUCT_NAME = "$(TARGET_NAME)";
				SWIFT_VERSION = 3.0;
			};
			name = Release;
		};
/* End XCBuildConfiguration section */

/* Begin XCConfigurationList section */
		E808E34B1ECCC5DC004482F1 /* Build configuration list for PBXProject "CollectionViewClass" */ = {
			isa = XCConfigurationList;
			buildConfigurations = (
				E808E3601ECCC5DC004482F1 /* Debug */,
				E808E3611ECCC5DC004482F1 /* Release */,
			);
			defaultConfigurationIsVisible = 0;
			defaultConfigurationName = Release;
		};
		E808E3621ECCC5DC004482F1 /* Build configuration list for PBXNativeTarget "CollectionViewClass" */ = {
			isa = XCConfigurationList;
			buildConfigurations = (
				E808E3631ECCC5DC004482F1 /* Debug */,
				E808E3641ECCC5DC004482F1 /* Release */,
			);
			defaultConfigurationIsVisible = 0;
		};
/* End XCConfigurationList section */
	};
	rootObject = E808E3481ECCC5DC004482F1 /* Project object */;
}
